
Microsoft Visual Studio Solution File, Format Version 12.00
# Visual Studio Version 17
VisualStudioVersion = 17.0.31912.275
MinimumVisualStudioVersion = 10.0.40219.1
Project("{FAE04EC0-301F-11D3-BF4B-00C04F79EFBC}") = "MathGame2", "MathGame2.csproj", "{40451DE6-10AB-42A7-9476-4C3D3A8F2D71}"
EndProject
Global
	GlobalSection(SolutionConfigurationPlatforms) = preSolution
		Debug|Any CPU = Debug|Any CPU
		Release|Any CPU = Release|Any CPU
	EndGlobalSection
	GlobalSection(ProjectConfigurationPlatforms) = postSolution
		{40451DE6-10AB-42A7-9476-4C3D3A8F2D71}.Debug|Any CPU.ActiveCfg = Debug|Any CPU
		{40451DE6-10AB-42A7-9476-4C3D3A8F2D71}.Debug|Any CPU.Build.0 = Debug|Any CPU
		{40451DE6-10AB-42A7-9476-4C3D3A8F2D71}.Release|Any CPU.ActiveCfg = Release|Any CPU
		{40451DE6-10AB-42A7-9476-4C3D3A8F2D71}.Release|Any CPU.Build.0 = Release|Any CPU
	EndGlobalSection
	GlobalSection(SolutionProperties) = preSolution
		HideSolutionNode = FALSE
	EndGlobalSection
	GlobalSection(ExtensibilityGlobals) = postSolution
		SolutionGuid = {D01BF4A7-B071-4CBA-9A94-BE21C7AD5E73}
	EndGlobalSection
EndGlobal
